
Microsoft Visual Studio Solution File, Format Version 12.00
# Visual Studio 15
VisualStudioVersion = 15.0.27130.2027
MinimumVisualStudioVersion = 10.0.40219.1
Project("{FAE04EC0-301F-11D3-BF4B-00C04F79EFBC}") = "EmployeeManager", "EmployeeManager\EmployeeManager.csproj", "{3FE3ABBB-ADAC-419D-A21F-A703BAE0F369}"
EndProject
Project("{FAE04EC0-301F-11D3-BF4B-00C04F79EFBC}") = "EmployeeManager.WebAPI", "EmployeeManager.WebAPI\EmployeeManager.WebAPI.csproj", "{8E0E9925-5621-4617-85F0-4FE7BEA14492}"
EndProject
Project("{FAE04EC0-301F-11D3-BF4B-00C04F79EFBC}") = "EmployeeManager.WebAPI.Console", "EmployeeManager.WebAPI.Console\EmployeeManager.WebAPI.Console.csproj", "{B133716E-ACFA-4F32-9F82-DBB7F8C6AD06}"
EndProject
Project("{FAE04EC0-301F-11D3-BF4B-00C04F79EFBC}") = "EmployeeManager.WcfHttpXml", "EmployeeManager.WcfHttpXml\EmployeeManager.WcfHttpXml.csproj", "{41031678-9182-4BCD-8D95-08CD20695B8D}"
EndProject
Project("{FAE04EC0-301F-11D3-BF4B-00C04F79EFBC}") = "EmployeeManager.WcfHttpXml.Console", "EmployeeManager.WcfHttpXml.Console\EmployeeManager.WcfHttpXml.Console.csproj", "{F7B11C5E-0EA1-4268-B616-3D4BC21B12D3}"
EndProject
Project("{FAE04EC0-301F-11D3-BF4B-00C04F79EFBC}") = "EmployeeManager.WcfHttpJson", "EmployeeManager.WcfHttpJson\EmployeeManager.WcfHttpJson.csproj", "{0F72E1F5-BFAA-4E6F-9E8F-18BC00FAD974}"
EndProject
Project("{FAE04EC0-301F-11D3-BF4B-00C04F79EFBC}") = "EmployeeManager.Json", "EmployeeManager.Json\EmployeeManager.Json.csproj", "{8A5F41FC-3B4F-4DD9-A07F-E3A7A8332B1F}"
EndProject
Project("{FAE04EC0-301F-11D3-BF4B-00C04F79EFBC}") = "EmployeeManager.WcfHttpJson.Console", "EmployeeManager.WcfHttpJson.Console\EmployeeManager.WcfHttpJson.Console.csproj", "{C7BEAC75-87D7-48FE-A5B0-0E68568B9310}"
EndProject
Project("{FAE04EC0-301F-11D3-BF4B-00C04F79EFBC}") = "EmployeeManager.WcfNetTcp", "EmployeeManager.WcfNetTcp\EmployeeManager.WcfNetTcp.csproj", "{27886476-F00D-4703-ADFC-EA7264AA8AF8}"
EndProject
Global
	GlobalSection(SolutionConfigurationPlatforms) = preSolution
		Debug|Any CPU = Debug|Any CPU
		Release|Any CPU = Release|Any CPU
	EndGlobalSection
	GlobalSection(ProjectConfigurationPlatforms) = postSolution
		{3FE3ABBB-ADAC-419D-A21F-A703BAE0F369}.Debug|Any CPU.ActiveCfg = Debug|Any CPU
		{3FE3ABBB-ADAC-419D-A21F-A703BAE0F369}.Debug|Any CPU.Build.0 = Debug|Any CPU
		{3FE3ABBB-ADAC-419D-A21F-A703BAE0F369}.Release|Any CPU.ActiveCfg = Release|Any CPU
		{3FE3ABBB-ADAC-419D-A21F-A703BAE0F369}.Release|Any CPU.Build.0 = Release|Any CPU
		{8E0E9925-5621-4617-85F0-4FE7BEA14492}.Debug|Any CPU.ActiveCfg = Debug|Any CPU
		{8E0E9925-5621-4617-85F0-4FE7BEA14492}.Debug|Any CPU.Build.0 = Debug|Any CPU
		{8E0E9925-5621-4617-85F0-4FE7BEA14492}.Release|Any CPU.ActiveCfg = Release|Any CPU
		{8E0E9925-5621-4617-85F0-4FE7BEA14492}.Release|Any CPU.Build.0 = Release|Any CPU
		{B133716E-ACFA-4F32-9F82-DBB7F8C6AD06}.Debug|Any CPU.ActiveCfg = Debug|Any CPU
		{B133716E-ACFA-4F32-9F82-DBB7F8C6AD06}.Debug|Any CPU.Build.0 = Debug|Any CPU
		{B133716E-ACFA-4F32-9F82-DBB7F8C6AD06}.Release|Any CPU.ActiveCfg = Release|Any CPU
		{B133716E-ACFA-4F32-9F82-DBB7F8C6AD06}.Release|Any CPU.Build.0 = Release|Any CPU
		{41031678-9182-4BCD-8D95-08CD20695B8D}.Debug|Any CPU.ActiveCfg = Debug|Any CPU
		{41031678-9182-4BCD-8D95-08CD20695B8D}.Debug|Any CPU.Build.0 = Debug|Any CPU
		{41031678-9182-4BCD-8D95-08CD20695B8D}.Release|Any CPU.ActiveCfg = Release|Any CPU
		{41031678-9182-4BCD-8D95-08CD20695B8D}.Release|Any CPU.Build.0 = Release|Any CPU
		{F7B11C5E-0EA1-4268-B616-3D4BC21B12D3}.Debug|Any CPU.ActiveCfg = Debug|Any CPU
		{F7B11C5E-0EA1-4268-B616-3D4BC21B12D3}.Debug|Any CPU.Build.0 = Debug|Any CPU
		{F7B11C5E-0EA1-4268-B616-3D4BC21B12D3}.Release|Any CPU.ActiveCfg = Release|Any CPU
		{F7B11C5E-0EA1-4268-B616-3D4BC21B12D3}.Release|Any CPU.Build.0 = Release|Any CPU
		{0F72E1F5-BFAA-4E6F-9E8F-18BC00FAD974}.Debug|Any CPU.ActiveCfg = Debug|Any CPU
		{0F72E1F5-BFAA-4E6F-9E8F-18BC00FAD974}.Debug|Any CPU.Build.0 = Debug|Any CPU
		{0F72E1F5-BFAA-4E6F-9E8F-18BC00FAD974}.Release|Any CPU.ActiveCfg = Release|Any CPU
		{0F72E1F5-BFAA-4E6F-9E8F-18BC00FAD974}.Release|Any CPU.Build.0 = Release|Any CPU
		{8A5F41FC-3B4F-4DD9-A07F-E3A7A8332B1F}.Debug|Any CPU.ActiveCfg = Debug|Any CPU
		{8A5F41FC-3B4F-4DD9-A07F-E3A7A8332B1F}.Debug|Any CPU.Build.0 = Debug|Any CPU
		{8A5F41FC-3B4F-4DD9-A07F-E3A7A8332B1F}.Release|Any CPU.ActiveCfg = Release|Any CPU
		{8A5F41FC-3B4F-4DD9-A07F-E3A7A8332B1F}.Release|Any CPU.Build.0 = Release|Any CPU
		{C7BEAC75-87D7-48FE-A5B0-0E68568B9310}.Debug|Any CPU.ActiveCfg = Debug|Any CPU
		{C7BEAC75-87D7-48FE-A5B0-0E68568B9310}.Debug|Any CPU.Build.0 = Debug|Any CPU
		{C7BEAC75-87D7-48FE-A5B0-0E68568B9310}.Release|Any CPU.ActiveCfg = Release|Any CPU
		{C7BEAC75-87D7-48FE-A5B0-0E68568B9310}.Release|Any CPU.Build.0 = Release|Any CPU
		{27886476-F00D-4703-ADFC-EA7264AA8AF8}.Debug|Any CPU.ActiveCfg = Debug|Any CPU
		{27886476-F00D-4703-ADFC-EA7264AA8AF8}.Debug|Any CPU.Build.0 = Debug|Any CPU
		{27886476-F00D-4703-ADFC-EA7264AA8AF8}.Release|Any CPU.ActiveCfg = Release|Any CPU
		{27886476-F00D-4703-ADFC-EA7264AA8AF8}.Release|Any CPU.Build.0 = Release|Any CPU
	EndGlobalSection
	GlobalSection(SolutionProperties) = preSolution
		HideSolutionNode = FALSE
	EndGlobalSection
	GlobalSection(ExtensibilityGlobals) = postSolution
		SolutionGuid = {319F5D81-9776-40CA-A275-DAC5FF6C028E}
	EndGlobalSection
EndGlobal
